
Microsoft Visual Studio Solution File, Format Version 12.00
# Visual Studio Version 17
VisualStudioVersion = 17.4.33122.133
MinimumVisualStudioVersion = 10.0.40219.1
Project("{FAE04EC0-301F-11D3-BF4B-00C04F79EFBC}") = "Even Number Checker", "Even Number Checker.csproj", "{53031E32-0392-4603-B3AE-A03808E6EE91}"
EndProject
Global
	GlobalSection(SolutionConfigurationPlatforms) = preSolution
		Debug|Any CPU = Debug|Any CPU
		Release|Any CPU = Release|Any CPU
	EndGlobalSection
	GlobalSection(ProjectConfigurationPlatforms) = postSolution
		{53031E32-0392-4603-B3AE-A03808E6EE91}.Debug|Any CPU.ActiveCfg = Debug|Any CPU
		{53031E32-0392-4603-B3AE-A03808E6EE91}.Debug|Any CPU.Build.0 = Debug|Any CPU
		{53031E32-0392-4603-B3AE-A03808E6EE91}.Release|Any CPU.ActiveCfg = Release|Any CPU
		{53031E32-0392-4603-B3AE-A03808E6EE91}.Release|Any CPU.Build.0 = Release|Any CPU
	EndGlobalSection
	GlobalSection(SolutionProperties) = preSolution
		HideSolutionNode = FALSE
	EndGlobalSection
	GlobalSection(ExtensibilityGlobals) = postSolution
		SolutionGuid = {3C26A8F1-3ECF-41F1-9A82-4D79CF3CE59C}
	EndGlobalSection
EndGlobal
